
Microsoft Visual Studio Solution File, Format Version 12.00
Project("{FAE04EC0-301F-11D3-BF4B-00C04F79EFBC}") = "CQRS.Boilerplate", "CQRS.Boilerplate.csproj", "{8BB515BC-C247-4A38-9214-8B7CBE8D748D}"
EndProject
Global
	GlobalSection(SolutionConfigurationPlatforms) = preSolution
		Debug|Any CPU = Debug|Any CPU
		Release|Any CPU = Release|Any CPU
	EndGlobalSection
	GlobalSection(ProjectConfigurationPlatforms) = postSolution
		{8BB515BC-C247-4A38-9214-8B7CBE8D748D}.Debug|Any CPU.ActiveCfg = Debug|Any CPU
		{8BB515BC-C247-4A38-9214-8B7CBE8D748D}.Debug|Any CPU.Build.0 = Debug|Any CPU
		{8BB515BC-C247-4A38-9214-8B7CBE8D748D}.Release|Any CPU.ActiveCfg = Release|Any CPU
		{8BB515BC-C247-4A38-9214-8B7CBE8D748D}.Release|Any CPU.Build.0 = Release|Any CPU
	EndGlobalSection
EndGlobal
